// !$*UTF8*$!
{
	archiveVersion = 1;
	classes = {
	};
	objectVersion = 46;
	objects = {

/* Begin PBXBuildFile section */
		F6E6FDBC15FD0D0200DBC589 /* UIKit.framework in Frameworks */ = {isa = PBXBuildFile; fileRef = F6E6FDBB15FD0D0200DBC589 /* UIKit.framework */; };
		F6E6FDBE15FD0D0200DBC589 /* Foundation.framework in Frameworks */ = {isa = PBXBuildFile; fileRef = F6E6FDBD15FD0D0200DBC589 /* Foundation.framework */; };
		F6E6FDC015FD0D0200DBC589 /* CoreGraphics.framework in Frameworks */ = {isa = PBXBuildFile; fileRef = F6E6FDBF15FD0D0200DBC589 /* CoreGraphics.framework */; };
		F6E6FDC615FD0D0200DBC589 /* InfoPlist.strings in Resources */ = {isa = PBXBuildFile; fileRef = F6E6FDC415FD0D0200DBC589 /* InfoPlist.strings */; };
		F6E6FDC815FD0D0200DBC589 /* main.m in Sources */ = {isa = PBXBuildFile; fileRef = F6E6FDC715FD0D0200DBC589 /* main.m */; };
		F6E6FDCC15FD0D0200DBC589 /* SAAppDelegate.m in Sources */ = {isa = PBXBuildFile; fileRef = F6E6FDCB15FD0D0200DBC589 /* SAAppDelegate.m */; };
		F6E6FDCF15FD0D0200DBC589 /* MainStoryboard.storyboard in Resources */ = {isa = PBXBuildFile; fileRef = F6E6FDCD15FD0D0200DBC589 /* MainStoryboard.storyboard */; };
		F6E6FDD215FD0D0200DBC589 /* SAViewController.m in Sources */ = {isa = PBXBuildFile; fileRef = F6E6FDD115FD0D0200DBC589 /* SAViewController.m */; };
/* End PBXBuildFile section */

/* Begin PBXFileReference section */
		F6E6FDB715FD0D0200DBC589 /* SimpleCustomSegue.app */ = {isa = PBXFileReference; explicitFileType = wrapper.application; includeInIndex = 0; path = SimpleCustomSegue.app; sourceTree = BUILT_PRODUCTS_DIR; };
		F6E6FDBB15FD0D0200DBC589 /* UIKit.framework */ = {isa = PBXFileReference; lastKnownFileType = wrapper.framework; name = UIKit.framework; path = System/Library/Frameworks/UIKit.framework; sourceTree = SDKROOT; };
		F6E6FDBD15FD0D0200DBC589 /* Foundation.framework */ = {isa = PBXFileReference; lastKnownFileType = wrapper.framework; name = Foundation.framework; path = System/Library/Frameworks/Foundation.framework; sourceTree = SDKROOT; };
		F6E6FDBF15FD0D0200DBC589 /* CoreGraphics.framework */ = {isa = PBXFileReference; lastKnownFileType = wrapper.framework; name = CoreGraphics.framework; path = System/Library/Frameworks/CoreGraphics.framework; sourceTree = SDKROOT; };
		F6E6FDC315FD0D0200DBC589 /* SimpleCustomSegue-Info.plist */ = {isa = PBXFileReference; lastKnownFileType = text.plist.xml; path = "SimpleCustomSegue-Info.plist"; sourceTree = "<group>"; };
		F6E6FDC515FD0D0200DBC589 /* en */ = {isa = PBXFileReference; lastKnownFileType = text.plist.strings; name = en; path = en.lproj/InfoPlist.strings; sourceTree = "<group>"; };
		F6E6FDC715FD0D0200DBC589 /* main.m */ = {isa = PBXFileReference; lastKnownFileType = sourcecode.c.objc; path = main.m; sourceTree = "<group>"; };
		F6E6FDC915FD0D0200DBC589 /* SimpleCustomSegue-Prefix.pch */ = {isa = PBXFileReference; lastKnownFileType = sourcecode.c.h; path = "SimpleCustomSegue-Prefix.pch"; sourceTree = "<group>"; };
		F6E6FDCA15FD0D0200DBC589 /* SAAppDelegate.h */ = {isa = PBXFileReference; lastKnownFileType = sourcecode.c.h; path = SAAppDelegate.h; sourceTree = "<group>"; };
		F6E6FDCB15FD0D0200DBC589 /* SAAppDelegate.m */ = {isa = PBXFileReference; lastKnownFileType = sourcecode.c.objc; path = SAAppDelegate.m; sourceTree = "<group>"; };
		F6E6FDCE15FD0D0200DBC589 /* en */ = {isa = PBXFileReference; lastKnownFileType = file.storyboard; name = en; path = en.lproj/MainStoryboard.storyboard; sourceTree = "<group>"; };
		F6E6FDD015FD0D0200DBC589 /* SAViewController.h */ = {isa = PBXFileReference; lastKnownFileType = sourcecode.c.h; path = SAViewController.h; sourceTree = "<group>"; };
		F6E6FDD115FD0D0200DBC589 /* SAViewController.m */ = {isa = PBXFileReference; lastKnownFileType = sourcecode.c.objc; path = SAViewController.m; sourceTree = "<group>"; };
/* End PBXFileReference section */

/* Begin PBXFrameworksBuildPhase section */
		F6E6FDB415FD0D0200DBC589 /* Frameworks */ = {
			isa = PBXFrameworksBuildPhase;
			buildActionMask = 2147483647;
			files = (
				F6E6FDBC15FD0D0200DBC589 /* UIKit.framework in Frameworks */,
				F6E6FDBE15FD0D0200DBC589 /* Foundation.framework in Frameworks */,
				F6E6FDC015FD0D0200DBC589 /* CoreGraphics.framework in Frameworks */,
			);
			runOnlyForDeploymentPostprocessing = 0;
		};
/* End PBXFrameworksBuildPhase section */

/* Begin PBXGroup section */
		F6E6FDAC15FD0D0200DBC589 = {
			isa = PBXGroup;
			children = (
				F6E6FDC115FD0D0200DBC589 /* SimpleCustomSegue */,
				F6E6FDBA15FD0D0200DBC589 /* Frameworks */,
				F6E6FDB815FD0D0200DBC589 /* Products */,
			);
			sourceTree = "<group>";
		};
		F6E6FDB815FD0D0200DBC589 /* Products */ = {
			isa = PBXGroup;
			children = (
				F6E6FDB715FD0D0200DBC589 /* SimpleCustomSegue.app */,
			);
			name = Products;
			sourceTree = "<group>";
		};
		F6E6FDBA15FD0D0200DBC589 /* Frameworks */ = {
			isa = PBXGroup;
			children = (
				F6E6FDBB15FD0D0200DBC589 /* UIKit.framework */,
				F6E6FDBD15FD0D0200DBC589 /* Foundation.framework */,
				F6E6FDBF15FD0D0200DBC589 /* CoreGraphics.framework */,
			);
			name = Frameworks;
			sourceTree = "<group>";
		};
		F6E6FDC115FD0D0200DBC589 /* SimpleCustomSegue */ = {
			isa = PBXGroup;
			children = (
				F6E6FDCA15FD0D0200DBC589 /* SAAppDelegate.h */,
				F6E6FDCB15FD0D0200DBC589 /* SAAppDelegate.m */,
				F6E6FDCD15FD0D0200DBC589 /* MainStoryboard.storyboard */,
				F6E6FDD015FD0D0200DBC589 /* SAViewController.h */,
				F6E6FDD115FD0D0200DBC589 /* SAViewController.m */,
				F6E6FDC215FD0D0200DBC589 /* Supporting Files */,
			);
			path = SimpleCustomSegue;
			sourceTree = "<group>";
		};
		F6E6FDC215FD0D0200DBC589 /* Supporting Files */ = {
			isa = PBXGroup;
			children = (
				F6E6FDC315FD0D0200DBC589 /* SimpleCustomSegue-Info.plist */,
				F6E6FDC415FD0D0200DBC589 /* InfoPlist.strings */,
				F6E6FDC715FD0D0200DBC589 /* main.m */,
				F6E6FDC915FD0D0200DBC589 /* SimpleCustomSegue-Prefix.pch */,
			);
			name = "Supporting Files";
			sourceTree = "<group>";
		};
/* End PBXGroup section */

/* Begin PBXNativeTarget section */
		F6E6FDB615FD0D0200DBC589 /* SimpleCustomSegue */ = {
			isa = PBXNativeTarget;
			buildConfigurationList = F6E6FDD515FD0D0200DBC589 /* Build configuration list for PBXNativeTarget "SimpleCustomSegue" */;
			buildPhases = (
				F6E6FDB315FD0D0200DBC589 /* Sources */,
				F6E6FDB415FD0D0200DBC589 /* Frameworks */,
				F6E6FDB515FD0D0200DBC589 /* Resources */,
			);
			buildRules = (
			);
			dependencies = (
			);
			name = SimpleCustomSegue;
			productName = SimpleCustomSegue;
			productReference = F6E6FDB715FD0D0200DBC589 /* SimpleCustomSegue.app */;
			productType = "com.apple.product-type.application";
		};
/* End PBXNativeTarget section */

/* Begin PBXProject section */
		F6E6FDAE15FD0D0200DBC589 /* Project object */ = {
			isa = PBXProject;
			attributes = {
				CLASSPREFIX = SA;
				LastUpgradeCheck = 0440;
				ORGANIZATIONNAME = "Shai Amar";
			};
			buildConfigurationList = F6E6FDB115FD0D0200DBC589 /* Build configuration list for PBXProject "SimpleCustomSegue" */;
			compatibilityVersion = "Xcode 3.2";
			developmentRegion = English;
			hasScannedForEncodings = 0;
			knownRegions = (
				en,
			);
			mainGroup = F6E6FDAC15FD0D0200DBC589;
			productRefGroup = F6E6FDB815FD0D0200DBC589 /* Products */;
			projectDirPath = "";
			projectRoot = "";
			targets = (
				F6E6FDB615FD0D0200DBC589 /* SimpleCustomSegue */,
			);
		};
/* End PBXProject section */

/* Begin PBXResourcesBuildPhase section */
		F6E6FDB515FD0D0200DBC589 /* Resources */ = {
			isa = PBXResourcesBuildPhase;
			buildActionMask = 2147483647;
			files = (
				F6E6FDC615FD0D0200DBC589 /* InfoPlist.strings in Resources */,
				F6E6FDCF15FD0D0200DBC589 /* MainStoryboard.storyboard in Resources */,
			);
			runOnlyForDeploymentPostprocessing = 0;
		};
/* End PBXResourcesBuildPhase section */

/* Begin PBXSourcesBuildPhase section */
		F6E6FDB315FD0D0200DBC589 /* Sources */ = {
			isa = PBXSourcesBuildPhase;
			buildActionMask = 2147483647;
			files = (
				F6E6FDC815FD0D0200DBC589 /* main.m in Sources */,
				F6E6FDCC15FD0D0200DBC589 /* SAAppDelegate.m in Sources */,
				F6E6FDD215FD0D0200DBC589 /* SAViewController.m in Sources */,
			);
			runOnlyForDeploymentPostprocessing = 0;
		};
/* End PBXSourcesBuildPhase section */

/* Begin PBXVariantGroup section */
		F6E6FDC415FD0D0200DBC589 /* InfoPlist.strings */ = {
			isa = PBXVariantGroup;
			children = (
				F6E6FDC515FD0D0200DBC589 /* en */,
			);
			name = InfoPlist.strings;
			sourceTree = "<group>";
		};
		F6E6FDCD15FD0D0200DBC589 /* MainStoryboard.storyboard */ = {
			isa = PBXVariantGroup;
			children = (
				F6E6FDCE15FD0D0200DBC589 /* en */,
			);
			name = MainStoryboard.storyboard;
			sourceTree = "<group>";
		};
/* End PBXVariantGroup section */

/* Begin XCBuildConfiguration section */
		F6E6FDD315FD0D0200DBC589 /* Debug */ = {
			isa = XCBuildConfiguration;
			buildSettings = {
				ALWAYS_SEARCH_USER_PATHS = NO;
				ARCHS = "$(ARCHS_STANDARD_32_BIT)";
				CLANG_CXX_LANGUAGE_STANDARD = "gnu++0x";
				CLANG_ENABLE_OBJC_ARC = YES;
				CLANG_WARN__DUPLICATE_METHOD_MATCH = YES;
				"CODE_SIGN_IDENTITY[sdk=iphoneos*]" = "iPhone Developer";
				COPY_PHASE_STRIP = NO;
				GCC_C_LANGUAGE_STANDARD = gnu99;
				GCC_DYNAMIC_NO_PIC = NO;
				GCC_OPTIMIZATION_LEVEL = 0;
				GCC_PREPROCESSOR_DEFINITIONS = (
					"DEBUG=1",
					"$(inherited)",
				);
				GCC_SYMBOLS_PRIVATE_EXTERN = NO;
				GCC_VERSION = com.apple.compilers.llvm.clang.1_0;
				GCC_WARN_ABOUT_RETURN_TYPE = YES;
				GCC_WARN_UNINITIALIZED_AUTOS = YES;
				GCC_WARN_UNUSED_VARIABLE = YES;
				IPHONEOS_DEPLOYMENT_TARGET = 5.1;
				SDKROOT = iphoneos;
			};
			name = Debug;
		};
		F6E6FDD415FD0D0200DBC589 /* Release */ = {
			isa = XCBuildConfiguration;
			buildSettings = {
				ALWAYS_SEARCH_USER_PATHS = NO;
				ARCHS = "$(ARCHS_STANDARD_32_BIT)";
				CLANG_CXX_LANGUAGE_STANDARD = "gnu++0x";
				CLANG_ENABLE_OBJC_ARC = YES;
				CLANG_WARN__DUPLICATE_METHOD_MATCH = YES;
				"CODE_SIGN_IDENTITY[sdk=iphoneos*]" = "iPhone Developer";
				COPY_PHASE_STRIP = YES;
				GCC_C_LANGUAGE_STANDARD = gnu99;
				GCC_VERSION = com.apple.compilers.llvm.clang.1_0;
				GCC_WARN_ABOUT_RETURN_TYPE = YES;
				GCC_WARN_UNINITIALIZED_AUTOS = YES;
				GCC_WARN_UNUSED_VARIABLE = YES;
				IPHONEOS_DEPLOYMENT_TARGET = 5.1;
				OTHER_CFLAGS = "-DNS_BLOCK_ASSERTIONS=1";
				SDKROOT = iphoneos;
				VALIDATE_PRODUCT = YES;
			};
			name = Release;
		};
		F6E6FDD615FD0D0200DBC589 /* Debug */ = {
			isa = XCBuildConfiguration;
			buildSettings = {
				GCC_PRECOMPILE_PREFIX_HEADER = YES;
				GCC_PREFIX_HEADER = "SimpleCustomSegue/SimpleCustomSegue-Prefix.pch";
				INFOPLIST_FILE = "SimpleCustomSegue/SimpleCustomSegue-Info.plist";
				PRODUCT_NAME = "$(TARGET_NAME)";
				WRAPPER_EXTENSION = app;
			};
			name = Debug;
		};
		F6E6FDD715FD0D0200DBC589 /* Release */ = {
			isa = XCBuildConfiguration;
			buildSettings = {
				GCC_PRECOMPILE_PREFIX_HEADER = YES;
				GCC_PREFIX_HEADER = "SimpleCustomSegue/SimpleCustomSegue-Prefix.pch";
				INFOPLIST_FILE = "SimpleCustomSegue/SimpleCustomSegue-Info.plist";
				PRODUCT_NAME = "$(TARGET_NAME)";
				WRAPPER_EXTENSION = app;
			};
			name = Release;
		};
/* End XCBuildConfiguration section */

/* Begin XCConfigurationList section */
		F6E6FDB115FD0D0200DBC589 /* Build configuration list for PBXProject "SimpleCustomSegue" */ = {
			isa = XCConfigurationList;
			buildConfigurations = (
				F6E6FDD315FD0D0200DBC589 /* Debug */,
				F6E6FDD415FD0D0200DBC589 /* Release */,
			);
			defaultConfigurationIsVisible = 0;
			defaultConfigurationName = Release;
		};
		F6E6FDD515FD0D0200DBC589 /* Build configuration list for PBXNativeTarget "SimpleCustomSegue" */ = {
			isa = XCConfigurationList;
			buildConfigurations = (
				F6E6FDD615FD0D0200DBC589 /* Debug */,
				F6E6FDD715FD0D0200DBC589 /* Release */,
			);
			defaultConfigurationIsVisible = 0;
		};
/* End XCConfigurationList section */
	};
	rootObject = F6E6FDAE15FD0D0200DBC589 /* Project object */;
}
